// !$*UTF8*$!
{
	archiveVersion = 1;
	classes = {
	};
	objectVersion = 46;
	objects = {

/* Begin PBXBuildFile section */
		1273BADE1D1A4D6B00CC020A /* AppDelegate.swift in Sources */ = {isa = PBXBuildFile; fileRef = 1273BADD1D1A4D6B00CC020A /* AppDelegate.swift */; };
		1273BAE01D1A4D6B00CC020A /* ViewController.swift in Sources */ = {isa = PBXBuildFile; fileRef = 1273BADF1D1A4D6B00CC020A /* ViewController.swift */; };
		1273BAE31D1A4D6B00CC020A /* Main.storyboard in Resources */ = {isa = PBXBuildFile; fileRef = 1273BAE11D1A4D6B00CC020A /* Main.storyboard */; };
		1273BAE51D1A4D6B00CC020A /* Assets.xcassets in Resources */ = {isa = PBXBuildFile; fileRef = 1273BAE41D1A4D6B00CC020A /* Assets.xcassets */; };
		1273BAE81D1A4D6B00CC020A /* LaunchScreen.storyboard in Resources */ = {isa = PBXBuildFile; fileRef = 1273BAE61D1A4D6B00CC020A /* LaunchScreen.storyboard */; };
		1273BAF31D1A4D6B00CC020A /* HW6_17081_Sruthi_MavuletiTests.swift in Sources */ = {isa = PBXBuildFile; fileRef = 1273BAF21D1A4D6B00CC020A /* HW6_17081_Sruthi_MavuletiTests.swift */; };
		1273BAFE1D1A4D6B00CC020A /* HW6_17081_Sruthi_MavuletiUITests.swift in Sources */ = {isa = PBXBuildFile; fileRef = 1273BAFD1D1A4D6B00CC020A /* HW6_17081_Sruthi_MavuletiUITests.swift */; };
/* End PBXBuildFile section */

/* Begin PBXContainerItemProxy section */
		1273BAEF1D1A4D6B00CC020A /* PBXContainerItemProxy */ = {
			isa = PBXContainerItemProxy;
			containerPortal = 1273BAD21D1A4D6B00CC020A /* Project object */;
			proxyType = 1;
			remoteGlobalIDString = 1273BAD91D1A4D6B00CC020A;
			remoteInfo = HW6_17081_Sruthi_Mavuleti;
		};
		1273BAFA1D1A4D6B00CC020A /* PBXContainerItemProxy */ = {
			isa = PBXContainerItemProxy;
			containerPortal = 1273BAD21D1A4D6B00CC020A /* Project object */;
			proxyType = 1;
			remoteGlobalIDString = 1273BAD91D1A4D6B00CC020A;
			remoteInfo = HW6_17081_Sruthi_Mavuleti;
		};
/* End PBXContainerItemProxy section */

/* Begin PBXFileReference section */
		1273BADA1D1A4D6B00CC020A /* HW6_17081_Sruthi_Mavuleti.app */ = {isa = PBXFileReference; explicitFileType = wrapper.application; includeInIndex = 0; path = HW6_17081_Sruthi_Mavuleti.app; sourceTree = BUILT_PRODUCTS_DIR; };
		1273BADD1D1A4D6B00CC020A /* AppDelegate.swift */ = {isa = PBXFileReference; lastKnownFileType = sourcecode.swift; path = AppDelegate.swift; sourceTree = "<group>"; };
		1273BADF1D1A4D6B00CC020A /* ViewController.swift */ = {isa = PBXFileReference; lastKnownFileType = sourcecode.swift; path = ViewController.swift; sourceTree = "<group>"; };
		1273BAE21D1A4D6B00CC020A /* Base */ = {isa = PBXFileReference; lastKnownFileType = file.storyboard; name = Base; path = Base.lproj/Main.storyboard; sourceTree = "<group>"; };
		1273BAE41D1A4D6B00CC020A /* Assets.xcassets */ = {isa = PBXFileReference; lastKnownFileType = folder.assetcatalog; path = Assets.xcassets; sourceTree = "<group>"; };
		1273BAE71D1A4D6B00CC020A /* Base */ = {isa = PBXFileReference; lastKnownFileType = file.storyboard; name = Base; path = Base.lproj/LaunchScreen.storyboard; sourceTree = "<group>"; };
		1273BAE91D1A4D6B00CC020A /* Info.plist */ = {isa = PBXFileReference; lastKnownFileType = text.plist.xml; path = Info.plist; sourceTree = "<group>"; };
		1273BAEE1D1A4D6B00CC020A /* HW6_17081_Sruthi_MavuletiTests.xctest */ = {isa = PBXFileReference; explicitFileType = wrapper.cfbundle; includeInIndex = 0; path = HW6_17081_Sruthi_MavuletiTests.xctest; sourceTree = BUILT_PRODUCTS_DIR; };
		1273BAF21D1A4D6B00CC020A /* HW6_17081_Sruthi_MavuletiTests.swift */ = {isa = PBXFileReference; lastKnownFileType = sourcecode.swift; path = HW6_17081_Sruthi_MavuletiTests.swift; sourceTree = "<group>"; };
		1273BAF41D1A4D6B00CC020A /* Info.plist */ = {isa = PBXFileReference; lastKnownFileType = text.plist.xml; path = Info.plist; sourceTree = "<group>"; };
		1273BAF91D1A4D6B00CC020A /* HW6_17081_Sruthi_MavuletiUITests.xctest */ = {isa = PBXFileReference; explicitFileType = wrapper.cfbundle; includeInIndex = 0; path = HW6_17081_Sruthi_MavuletiUITests.xctest; sourceTree = BUILT_PRODUCTS_DIR; };
		1273BAFD1D1A4D6B00CC020A /* HW6_17081_Sruthi_MavuletiUITests.swift */ = {isa = PBXFileReference; lastKnownFileType = sourcecode.swift; path = HW6_17081_Sruthi_MavuletiUITests.swift; sourceTree = "<group>"; };
		1273BAFF1D1A4D6B00CC020A /* Info.plist */ = {isa = PBXFileReference; lastKnownFileType = text.plist.xml; path = Info.plist; sourceTree = "<group>"; };
/* End PBXFileReference section */

/* Begin PBXFrameworksBuildPhase section */
		1273BAD71D1A4D6B00CC020A /* Frameworks */ = {
			isa = PBXFrameworksBuildPhase;
			buildActionMask = 2147483647;
			files = (
			);
			runOnlyForDeploymentPostprocessing = 0;
		};
		1273BAEB1D1A4D6B00CC020A /* Frameworks */ = {
			isa = PBXFrameworksBuildPhase;
			buildActionMask = 2147483647;
			files = (
			);
			runOnlyForDeploymentPostprocessing = 0;
		};
		1273BAF61D1A4D6B00CC020A /* Frameworks */ = {
			isa = PBXFrameworksBuildPhase;
			buildActionMask = 2147483647;
			files = (
			);
			runOnlyForDeploymentPostprocessing = 0;
		};
/* End PBXFrameworksBuildPhase section */

/* Begin PBXGroup section */
		1273BAD11D1A4D6B00CC020A = {
			isa = PBXGroup;
			children = (
				1273BADC1D1A4D6B00CC020A /* HW6_17081_Sruthi_Mavuleti */,
				1273BAF11D1A4D6B00CC020A /* HW6_17081_Sruthi_MavuletiTests */,
				1273BAFC1D1A4D6B00CC020A /* HW6_17081_Sruthi_MavuletiUITests */,
				1273BADB1D1A4D6B00CC020A /* Products */,
			);
			sourceTree = "<group>";
		};
		1273BADB1D1A4D6B00CC020A /* Products */ = {
			isa = PBXGroup;
			children = (
				1273BADA1D1A4D6B00CC020A /* HW6_17081_Sruthi_Mavuleti.app */,
				1273BAEE1D1A4D6B00CC020A /* HW6_17081_Sruthi_MavuletiTests.xctest */,
				1273BAF91D1A4D6B00CC020A /* HW6_17081_Sruthi_MavuletiUITests.xctest */,
			);
			name = Products;
			sourceTree = "<group>";
		};
		1273BADC1D1A4D6B00CC020A /* HW6_17081_Sruthi_Mavuleti */ = {
			isa = PBXGroup;
			children = (
				1273BADD1D1A4D6B00CC020A /* AppDelegate.swift */,
				1273BADF1D1A4D6B00CC020A /* ViewController.swift */,
				1273BAE11D1A4D6B00CC020A /* Main.storyboard */,
				1273BAE41D1A4D6B00CC020A /* Assets.xcassets */,
				1273BAE61D1A4D6B00CC020A /* LaunchScreen.storyboard */,
				1273BAE91D1A4D6B00CC020A /* Info.plist */,
			);
			path = HW6_17081_Sruthi_Mavuleti;
			sourceTree = "<group>";
		};
		1273BAF11D1A4D6B00CC020A /* HW6_17081_Sruthi_MavuletiTests */ = {
			isa = PBXGroup;
			children = (
				1273BAF21D1A4D6B00CC020A /* HW6_17081_Sruthi_MavuletiTests.swift */,
				1273BAF41D1A4D6B00CC020A /* Info.plist */,
			);
			path = HW6_17081_Sruthi_MavuletiTests;
			sourceTree = "<group>";
		};
		1273BAFC1D1A4D6B00CC020A /* HW6_17081_Sruthi_MavuletiUITests */ = {
			isa = PBXGroup;
			children = (
				1273BAFD1D1A4D6B00CC020A /* HW6_17081_Sruthi_MavuletiUITests.swift */,
				1273BAFF1D1A4D6B00CC020A /* Info.plist */,
			);
			path = HW6_17081_Sruthi_MavuletiUITests;
			sourceTree = "<group>";
		};
/* End PBXGroup section */

/* Begin PBXNativeTarget section */
		1273BAD91D1A4D6B00CC020A /* HW6_17081_Sruthi_Mavuleti */ = {
			isa = PBXNativeTarget;
			buildConfigurationList = 1273BB021D1A4D6B00CC020A /* Build configuration list for PBXNativeTarget "HW6_17081_Sruthi_Mavuleti" */;
			buildPhases = (
				1273BAD61D1A4D6B00CC020A /* Sources */,
				1273BAD71D1A4D6B00CC020A /* Frameworks */,
				1273BAD81D1A4D6B00CC020A /* Resources */,
			);
			buildRules = (
			);
			dependencies = (
			);
			name = HW6_17081_Sruthi_Mavuleti;
			productName = HW6_17081_Sruthi_Mavuleti;
			productReference = 1273BADA1D1A4D6B00CC020A /* HW6_17081_Sruthi_Mavuleti.app */;
			productType = "com.apple.product-type.application";
		};
		1273BAED1D1A4D6B00CC020A /* HW6_17081_Sruthi_MavuletiTests */ = {
			isa = PBXNativeTarget;
			buildConfigurationList = 1273BB051D1A4D6B00CC020A /* Build configuration list for PBXNativeTarget "HW6_17081_Sruthi_MavuletiTests" */;
			buildPhases = (
				1273BAEA1D1A4D6B00CC020A /* Sources */,
				1273BAEB1D1A4D6B00CC020A /* Frameworks */,
				1273BAEC1D1A4D6B00CC020A /* Resources */,
			);
			buildRules = (
			);
			dependencies = (
				1273BAF01D1A4D6B00CC020A /* PBXTargetDependency */,
			);
			name = HW6_17081_Sruthi_MavuletiTests;
			productName = HW6_17081_Sruthi_MavuletiTests;
			productReference = 1273BAEE1D1A4D6B00CC020A /* HW6_17081_Sruthi_MavuletiTests.xctest */;
			productType = "com.apple.product-type.bundle.unit-test";
		};
		1273BAF81D1A4D6B00CC020A /* HW6_17081_Sruthi_MavuletiUITests */ = {
			isa = PBXNativeTarget;
			buildConfigurationList = 1273BB081D1A4D6B00CC020A /* Build configuration list for PBXNativeTarget "HW6_17081_Sruthi_MavuletiUITests" */;
			buildPhases = (
				1273BAF51D1A4D6B00CC020A /* Sources */,
				1273BAF61D1A4D6B00CC020A /* Frameworks */,
				1273BAF71D1A4D6B00CC020A /* Resources */,
			);
			buildRules = (
			);
			dependencies = (
				1273BAFB1D1A4D6B00CC020A /* PBXTargetDependency */,
			);
			name = HW6_17081_Sruthi_MavuletiUITests;
			productName = HW6_17081_Sruthi_MavuletiUITests;
			productReference = 1273BAF91D1A4D6B00CC020A /* HW6_17081_Sruthi_MavuletiUITests.xctest */;
			productType = "com.apple.product-type.bundle.ui-testing";
		};
/* End PBXNativeTarget section */

/* Begin PBXProject section */
		1273BAD21D1A4D6B00CC020A /* Project object */ = {
			isa = PBXProject;
			attributes = {
				LastSwiftUpdateCheck = 0730;
				LastUpgradeCheck = 0730;
				ORGANIZATIONNAME = "Sruthi Mavuleti";
				TargetAttributes = {
					1273BAD91D1A4D6B00CC020A = {
						CreatedOnToolsVersion = 7.3.1;
					};
					1273BAED1D1A4D6B00CC020A = {
						CreatedOnToolsVersion = 7.3.1;
						TestTargetID = 1273BAD91D1A4D6B00CC020A;
					};
					1273BAF81D1A4D6B00CC020A = {
						CreatedOnToolsVersion = 7.3.1;
						TestTargetID = 1273BAD91D1A4D6B00CC020A;
					};
				};
			};
			buildConfigurationList = 1273BAD51D1A4D6B00CC020A /* Build configuration list for PBXProject "HW6_17081_Sruthi_Mavuleti" */;
			compatibilityVersion = "Xcode 3.2";
			developmentRegion = English;
			hasScannedForEncodings = 0;
			knownRegions = (
				en,
				Base,
			);
			mainGroup = 1273BAD11D1A4D6B00CC020A;
			productRefGroup = 1273BADB1D1A4D6B00CC020A /* Products */;
			projectDirPath = "";
			projectRoot = "";
			targets = (
				1273BAD91D1A4D6B00CC020A /* HW6_17081_Sruthi_Mavuleti */,
				1273BAED1D1A4D6B00CC020A /* HW6_17081_Sruthi_MavuletiTests */,
				1273BAF81D1A4D6B00CC020A /* HW6_17081_Sruthi_MavuletiUITests */,
			);
		};
/* End PBXProject section */

/* Begin PBXResourcesBuildPhase section */
		1273BAD81D1A4D6B00CC020A /* Resources */ = {
			isa = PBXResourcesBuildPhase;
			buildActionMask = 2147483647;
			files = (
				1273BAE81D1A4D6B00CC020A /* LaunchScreen.storyboard in Resources */,
				1273BAE51D1A4D6B00CC020A /* Assets.xcassets in Resources */,
				1273BAE31D1A4D6B00CC020A /* Main.storyboard in Resources */,
			);
			runOnlyForDeploymentPostprocessing = 0;
		};
		1273BAEC1D1A4D6B00CC020A /* Resources */ = {
			isa = PBXResourcesBuildPhase;
			buildActionMask = 2147483647;
			files = (
			);
			runOnlyForDeploymentPostprocessing = 0;
		};
		1273BAF71D1A4D6B00CC020A /* Resources */ = {
			isa = PBXResourcesBuildPhase;
			buildActionMask = 2147483647;
			files = (
			);
			runOnlyForDeploymentPostprocessing = 0;
		};
/* End PBXResourcesBuildPhase section */

/* Begin PBXSourcesBuildPhase section */
		1273BAD61D1A4D6B00CC020A /* Sources */ = {
			isa = PBXSourcesBuildPhase;
			buildActionMask = 2147483647;
			files = (
				1273BAE01D1A4D6B00CC020A /* ViewController.swift in Sources */,
				1273BADE1D1A4D6B00CC020A /* AppDelegate.swift in Sources */,
			);
			runOnlyForDeploymentPostprocessing = 0;
		};
		1273BAEA1D1A4D6B00CC020A /* Sources */ = {
			isa = PBXSourcesBuildPhase;
			buildActionMask = 2147483647;
			files = (
				1273BAF31D1A4D6B00CC020A /* HW6_17081_Sruthi_MavuletiTests.swift in Sources */,
			);
			runOnlyForDeploymentPostprocessing = 0;
		};
		1273BAF51D1A4D6B00CC020A /* Sources */ = {
			isa = PBXSourcesBuildPhase;
			buildActionMask = 2147483647;
			files = (
				1273BAFE1D1A4D6B00CC020A /* HW6_17081_Sruthi_MavuletiUITests.swift in Sources */,
			);
			runOnlyForDeploymentPostprocessing = 0;
		};
/* End PBXSourcesBuildPhase section */

/* Begin PBXTargetDependency section */
		1273BAF01D1A4D6B00CC020A /* PBXTargetDependency */ = {
			isa = PBXTargetDependency;
			target = 1273BAD91D1A4D6B00CC020A /* HW6_17081_Sruthi_Mavuleti */;
			targetProxy = 1273BAEF1D1A4D6B00CC020A /* PBXContainerItemProxy */;
		};
		1273BAFB1D1A4D6B00CC020A /* PBXTargetDependency */ = {
			isa = PBXTargetDependency;
			target = 1273BAD91D1A4D6B00CC020A /* HW6_17081_Sruthi_Mavuleti */;
			targetProxy = 1273BAFA1D1A4D6B00CC020A /* PBXContainerItemProxy */;
		};
/* End PBXTargetDependency section */

/* Begin PBXVariantGroup section */
		1273BAE11D1A4D6B00CC020A /* Main.storyboard */ = {
			isa = PBXVariantGroup;
			children = (
				1273BAE21D1A4D6B00CC020A /* Base */,
			);
			name = Main.storyboard;
			sourceTree = "<group>";
		};
		1273BAE61D1A4D6B00CC020A /* LaunchScreen.storyboard */ = {
			isa = PBXVariantGroup;
			children = (
				1273BAE71D1A4D6B00CC020A /* Base */,
			);
			name = LaunchScreen.storyboard;
			sourceTree = "<group>";
		};
/* End PBXVariantGroup section */

/* Begin XCBuildConfiguration section */
		1273BB001D1A4D6B00CC020A /* Debug */ = {
			isa = XCBuildConfiguration;
			buildSettings = {
				ALWAYS_SEARCH_USER_PATHS = NO;
				CLANG_ANALYZER_NONNULL = YES;
				CLANG_CXX_LANGUAGE_STANDARD = "gnu++0x";
				CLANG_CXX_LIBRARY = "libc++";
				CLANG_ENABLE_MODULES = YES;
				CLANG_ENABLE_OBJC_ARC = YES;
				CLANG_WARN_BOOL_CONVERSION = YES;
				CLANG_WARN_CONSTANT_CONVERSION = YES;
				CLANG_WARN_DIRECT_OBJC_ISA_USAGE = YES_ERROR;
				CLANG_WARN_EMPTY_BODY = YES;
				CLANG_WARN_ENUM_CONVERSION = YES;
				CLANG_WARN_INT_CONVERSION = YES;
				CLANG_WARN_OBJC_ROOT_CLASS = YES_ERROR;
				CLANG_WARN_UNREACHABLE_CODE = YES;
				CLANG_WARN__DUPLICATE_METHOD_MATCH = YES;
				"CODE_SIGN_IDENTITY[sdk=iphoneos*]" = "iPhone Developer";
				COPY_PHASE_STRIP = NO;
				DEBUG_INFORMATION_FORMAT = dwarf;
				ENABLE_STRICT_OBJC_MSGSEND = YES;
				ENABLE_TESTABILITY = YES;
				GCC_C_LANGUAGE_STANDARD = gnu99;
				GCC_DYNAMIC_NO_PIC = NO;
				GCC_NO_COMMON_BLOCKS = YES;
				GCC_OPTIMIZATION_LEVEL = 0;
				GCC_PREPROCESSOR_DEFINITIONS = (
					"DEBUG=1",
					"$(inherited)",
				);
				GCC_WARN_64_TO_32_BIT_CONVERSION = YES;
				GCC_WARN_ABOUT_RETURN_TYPE = YES_ERROR;
				GCC_WARN_UNDECLARED_SELECTOR = YES;
				GCC_WARN_UNINITIALIZED_AUTOS = YES_AGGRESSIVE;
				GCC_WARN_UNUSED_FUNCTION = YES;
				GCC_WARN_UNUSED_VARIABLE = YES;
				IPHONEOS_DEPLOYMENT_TARGET = 9.3;
				MTL_ENABLE_DEBUG_INFO = YES;
				ONLY_ACTIVE_ARCH = YES;
				SDKROOT = iphoneos;
				SWIFT_OPTIMIZATION_LEVEL = "-Onone";
			};
			name = Debug;
		};
		1273BB011D1A4D6B00CC020A /* Release */ = {
			isa = XCBuildConfiguration;
			buildSettings = {
				ALWAYS_SEARCH_USER_PATHS = NO;
				CLANG_ANALYZER_NONNULL = YES;
				CLANG_CXX_LANGUAGE_STANDARD = "gnu++0x";
				CLANG_CXX_LIBRARY = "libc++";
				CLANG_ENABLE_MODULES = YES;
				CLANG_ENABLE_OBJC_ARC = YES;
				CLANG_WARN_BOOL_CONVERSION = YES;
				CLANG_WARN_CONSTANT_CONVERSION = YES;
				CLANG_WARN_DIRECT_OBJC_ISA_USAGE = YES_ERROR;
				CLANG_WARN_EMPTY_BODY = YES;
				CLANG_WARN_ENUM_CONVERSION = YES;
				CLANG_WARN_INT_CONVERSION = YES;
				CLANG_WARN_OBJC_ROOT_CLASS = YES_ERROR;
				CLANG_WARN_UNREACHABLE_CODE = YES;
				CLANG_WARN__DUPLICATE_METHOD_MATCH = YES;
				"CODE_SIGN_IDENTITY[sdk=iphoneos*]" = "iPhone Developer";
				COPY_PHASE_STRIP = NO;
				DEBUG_INFORMATION_FORMAT = "dwarf-with-dsym";
				ENABLE_NS_ASSERTIONS = NO;
				ENABLE_STRICT_OBJC_MSGSEND = YES;
				GCC_C_LANGUAGE_STANDARD = gnu99;
				GCC_NO_COMMON_BLOCKS = YES;
				GCC_WARN_64_TO_32_BIT_CONVERSION = YES;
				GCC_WARN_ABOUT_RETURN_TYPE = YES_ERROR;
				GCC_WARN_UNDECLARED_SELECTOR = YES;
				GCC_WARN_UNINITIALIZED_AUTOS = YES_AGGRESSIVE;
				GCC_WARN_UNUSED_FUNCTION = YES;
				GCC_WARN_UNUSED_VARIABLE = YES;
				IPHONEOS_DEPLOYMENT_TARGET = 9.3;
				MTL_ENABLE_DEBUG_INFO = NO;
				SDKROOT = iphoneos;
				VALIDATE_PRODUCT = YES;
			};
			name = Release;
		};
		1273BB031D1A4D6B00CC020A /* Debug */ = {
			isa = XCBuildConfiguration;
			buildSettings = {
				ASSETCATALOG_COMPILER_APPICON_NAME = AppIcon;
				INFOPLIST_FILE = HW6_17081_Sruthi_Mavuleti/Info.plist;
				LD_RUNPATH_SEARCH_PATHS = "$(inherited) @executable_path/Frameworks";
				PRODUCT_BUNDLE_IDENTIFIER = "doodly.HW6-17081-Sruthi-Mavuleti";
				PRODUCT_NAME = "$(TARGET_NAME)";
			};
			name = Debug;
		};
		1273BB041D1A4D6B00CC020A /* Release */ = {
			isa = XCBuildConfiguration;
			buildSettings = {
				ASSETCATALOG_COMPILER_APPICON_NAME = AppIcon;
				INFOPLIST_FILE = HW6_17081_Sruthi_Mavuleti/Info.plist;
				LD_RUNPATH_SEARCH_PATHS = "$(inherited) @executable_path/Frameworks";
				PRODUCT_BUNDLE_IDENTIFIER = "doodly.HW6-17081-Sruthi-Mavuleti";
				PRODUCT_NAME = "$(TARGET_NAME)";
			};
			name = Release;
		};
		1273BB061D1A4D6B00CC020A /* Debug */ = {
			isa = XCBuildConfiguration;
			buildSettings = {
				BUNDLE_LOADER = "$(TEST_HOST)";
				INFOPLIST_FILE = HW6_17081_Sruthi_MavuletiTests/Info.plist;
				LD_RUNPATH_SEARCH_PATHS = "$(inherited) @executable_path/Frameworks @loader_path/Frameworks";
				PRODUCT_BUNDLE_IDENTIFIER = "doodly.HW6-17081-Sruthi-MavuletiTests";
				PRODUCT_NAME = "$(TARGET_NAME)";
				TEST_HOST = "$(BUILT_PRODUCTS_DIR)/HW6_17081_Sruthi_Mavuleti.app/HW6_17081_Sruthi_Mavuleti";
			};
			name = Debug;
		};
		1273BB071D1A4D6B00CC020A /* Release */ = {
			isa = XCBuildConfiguration;
			buildSettings = {
				BUNDLE_LOADER = "$(TEST_HOST)";
				INFOPLIST_FILE = HW6_17081_Sruthi_MavuletiTests/Info.plist;
				LD_RUNPATH_SEARCH_PATHS = "$(inherited) @executable_path/Frameworks @loader_path/Frameworks";
				PRODUCT_BUNDLE_IDENTIFIER = "doodly.HW6-17081-Sruthi-MavuletiTests";
				PRODUCT_NAME = "$(TARGET_NAME)";
				TEST_HOST = "$(BUILT_PRODUCTS_DIR)/HW6_17081_Sruthi_Mavuleti.app/HW6_17081_Sruthi_Mavuleti";
			};
			name = Release;
		};
		1273BB091D1A4D6B00CC020A /* Debug */ = {
			isa = XCBuildConfiguration;
			buildSettings = {
				INFOPLIST_FILE = HW6_17081_Sruthi_MavuletiUITests/Info.plist;
				LD_RUNPATH_SEARCH_PATHS = "$(inherited) @executable_path/Frameworks @loader_path/Frameworks";
				PRODUCT_BUNDLE_IDENTIFIER = "doodly.HW6-17081-Sruthi-MavuletiUITests";
				PRODUCT_NAME = "$(TARGET_NAME)";
				TEST_TARGET_NAME = HW6_17081_Sruthi_Mavuleti;
			};
			name = Debug;
		};
		1273BB0A1D1A4D6B00CC020A /* Release */ = {
			isa = XCBuildConfiguration;
			buildSettings = {
				INFOPLIST_FILE = HW6_17081_Sruthi_MavuletiUITests/Info.plist;
				LD_RUNPATH_SEARCH_PATHS = "$(inherited) @executable_path/Frameworks @loader_path/Frameworks";
				PRODUCT_BUNDLE_IDENTIFIER = "doodly.HW6-17081-Sruthi-MavuletiUITests";
				PRODUCT_NAME = "$(TARGET_NAME)";
				TEST_TARGET_NAME = HW6_17081_Sruthi_Mavuleti;
			};
			name = Release;
		};
/* End XCBuildConfiguration section */

/* Begin XCConfigurationList section */
		1273BAD51D1A4D6B00CC020A /* Build configuration list for PBXProject "HW6_17081_Sruthi_Mavuleti" */ = {
			isa = XCConfigurationList;
			buildConfigurations = (
				1273BB001D1A4D6B00CC020A /* Debug */,
				1273BB011D1A4D6B00CC020A /* Release */,
			);
			defaultConfigurationIsVisible = 0;
			defaultConfigurationName = Release;
		};
		1273BB021D1A4D6B00CC020A /* Build configuration list for PBXNativeTarget "HW6_17081_Sruthi_Mavuleti" */ = {
			isa = XCConfigurationList;
			buildConfigurations = (
				1273BB031D1A4D6B00CC020A /* Debug */,
				1273BB041D1A4D6B00CC020A /* Release */,
			);
			defaultConfigurationIsVisible = 0;
		};
		1273BB051D1A4D6B00CC020A /* Build configuration list for PBXNativeTarget "HW6_17081_Sruthi_MavuletiTests" */ = {
			isa = XCConfigurationList;
			buildConfigurations = (
				1273BB061D1A4D6B00CC020A /* Debug */,
				1273BB071D1A4D6B00CC020A /* Release */,
			);
			defaultConfigurationIsVisible = 0;
		};
		1273BB081D1A4D6B00CC020A /* Build configuration list for PBXNativeTarget "HW6_17081_Sruthi_MavuletiUITests" */ = {
			isa = XCConfigurationList;
			buildConfigurations = (
				1273BB091D1A4D6B00CC020A /* Debug */,
				1273BB0A1D1A4D6B00CC020A /* Release */,
			);
			defaultConfigurationIsVisible = 0;
		};
/* End XCConfigurationList section */
	};
	rootObject = 1273BAD21D1A4D6B00CC020A /* Project object */;
}
